
Microsoft Visual Studio Solution File, Format Version 12.00
# Visual Studio 14
VisualStudioVersion = 14.0.25420.1
MinimumVisualStudioVersion = 10.0.40219.1
Project("{FAE04EC0-301F-11D3-BF4B-00C04F79EFBC}") = "Service", "Service\Service.csproj", "{964D6A2A-5018-43E9-AE03-D38F1140CA14}"
EndProject
Project("{FAE04EC0-301F-11D3-BF4B-00C04F79EFBC}") = "Business", "Business\Business.csproj", "{C9E4DCFA-DCD8-4530-8A61-D2D15FF8B7FE}"
EndProject
Project("{FAE04EC0-301F-11D3-BF4B-00C04F79EFBC}") = "Common", "Common\Common.csproj", "{FD6BF57A-2923-4163-AF05-8F08AE03080D}"
EndProject
Project("{FAE04EC0-301F-11D3-BF4B-00C04F79EFBC}") = "DataAccess_EF", "DataAccess_EF\DataAccess_EF.csproj", "{082A1352-E680-4480-91CB-A410C30B5E6B}"
EndProject
Project("{FAE04EC0-301F-11D3-BF4B-00C04F79EFBC}") = "Presentation_WebAPI", "Presentation_WebAPI\Presentation_WebAPI.csproj", "{AD2B7AB4-08FD-4F9F-B02C-76EFC291F2CB}"
	ProjectSection(ProjectDependencies) = postProject
		{964D6A2A-5018-43E9-AE03-D38F1140CA14} = {964D6A2A-5018-43E9-AE03-D38F1140CA14}
	EndProjectSection
EndProject
Project("{FAE04EC0-301F-11D3-BF4B-00C04F79EFBC}") = "Presentation_WebAPI.Tests", "Presentation_WebAPI.Tests\Presentation_WebAPI.Tests.csproj", "{1B98E3C0-262B-4E42-94D8-04E1EE67CE7E}"
EndProject
Global
	GlobalSection(SolutionConfigurationPlatforms) = preSolution
		Debug|Any CPU = Debug|Any CPU
		Release|Any CPU = Release|Any CPU
	EndGlobalSection
	GlobalSection(ProjectConfigurationPlatforms) = postSolution
		{964D6A2A-5018-43E9-AE03-D38F1140CA14}.Debug|Any CPU.ActiveCfg = Debug|Any CPU
		{964D6A2A-5018-43E9-AE03-D38F1140CA14}.Debug|Any CPU.Build.0 = Debug|Any CPU
		{964D6A2A-5018-43E9-AE03-D38F1140CA14}.Release|Any CPU.ActiveCfg = Release|Any CPU
		{964D6A2A-5018-43E9-AE03-D38F1140CA14}.Release|Any CPU.Build.0 = Release|Any CPU
		{C9E4DCFA-DCD8-4530-8A61-D2D15FF8B7FE}.Debug|Any CPU.ActiveCfg = Debug|Any CPU
		{C9E4DCFA-DCD8-4530-8A61-D2D15FF8B7FE}.Debug|Any CPU.Build.0 = Debug|Any CPU
		{C9E4DCFA-DCD8-4530-8A61-D2D15FF8B7FE}.Release|Any CPU.ActiveCfg = Release|Any CPU
		{C9E4DCFA-DCD8-4530-8A61-D2D15FF8B7FE}.Release|Any CPU.Build.0 = Release|Any CPU
		{FD6BF57A-2923-4163-AF05-8F08AE03080D}.Debug|Any CPU.ActiveCfg = Debug|Any CPU
		{FD6BF57A-2923-4163-AF05-8F08AE03080D}.Debug|Any CPU.Build.0 = Debug|Any CPU
		{FD6BF57A-2923-4163-AF05-8F08AE03080D}.Release|Any CPU.ActiveCfg = Release|Any CPU
		{FD6BF57A-2923-4163-AF05-8F08AE03080D}.Release|Any CPU.Build.0 = Release|Any CPU
		{082A1352-E680-4480-91CB-A410C30B5E6B}.Debug|Any CPU.ActiveCfg = Debug|Any CPU
		{082A1352-E680-4480-91CB-A410C30B5E6B}.Debug|Any CPU.Build.0 = Debug|Any CPU
		{082A1352-E680-4480-91CB-A410C30B5E6B}.Release|Any CPU.ActiveCfg = Release|Any CPU
		{082A1352-E680-4480-91CB-A410C30B5E6B}.Release|Any CPU.Build.0 = Release|Any CPU
		{AD2B7AB4-08FD-4F9F-B02C-76EFC291F2CB}.Debug|Any CPU.ActiveCfg = Debug|Any CPU
		{AD2B7AB4-08FD-4F9F-B02C-76EFC291F2CB}.Debug|Any CPU.Build.0 = Debug|Any CPU
		{AD2B7AB4-08FD-4F9F-B02C-76EFC291F2CB}.Release|Any CPU.ActiveCfg = Release|Any CPU
		{AD2B7AB4-08FD-4F9F-B02C-76EFC291F2CB}.Release|Any CPU.Build.0 = Release|Any CPU
		{1B98E3C0-262B-4E42-94D8-04E1EE67CE7E}.Debug|Any CPU.ActiveCfg = Debug|Any CPU
		{1B98E3C0-262B-4E42-94D8-04E1EE67CE7E}.Debug|Any CPU.Build.0 = Debug|Any CPU
		{1B98E3C0-262B-4E42-94D8-04E1EE67CE7E}.Release|Any CPU.ActiveCfg = Release|Any CPU
		{1B98E3C0-262B-4E42-94D8-04E1EE67CE7E}.Release|Any CPU.Build.0 = Release|Any CPU
	EndGlobalSection
	GlobalSection(SolutionProperties) = preSolution
		HideSolutionNode = FALSE
	EndGlobalSection
EndGlobal
